
Microsoft Visual Studio Solution File, Format Version 12.00
# Visual Studio Version 16
VisualStudioVersion = 16.0.30413.136
MinimumVisualStudioVersion = 10.0.40219.1
Project("{FAE04EC0-301F-11D3-BF4B-00C04F79EFBC}") = "EnvironmentCrime", "EnvironmentCrime\EnvironmentCrime.csproj", "{C7985921-AA6A-4C02-8E21-90EF9F21B75C}"
EndProject
Global
	GlobalSection(SolutionConfigurationPlatforms) = preSolution
		Debug|Any CPU = Debug|Any CPU
		Release|Any CPU = Release|Any CPU
	EndGlobalSection
	GlobalSection(ProjectConfigurationPlatforms) = postSolution
		{C7985921-AA6A-4C02-8E21-90EF9F21B75C}.Debug|Any CPU.ActiveCfg = Debug|Any CPU
		{C7985921-AA6A-4C02-8E21-90EF9F21B75C}.Debug|Any CPU.Build.0 = Debug|Any CPU
		{C7985921-AA6A-4C02-8E21-90EF9F21B75C}.Release|Any CPU.ActiveCfg = Release|Any CPU
		{C7985921-AA6A-4C02-8E21-90EF9F21B75C}.Release|Any CPU.Build.0 = Release|Any CPU
	EndGlobalSection
	GlobalSection(SolutionProperties) = preSolution
		HideSolutionNode = FALSE
	EndGlobalSection
	GlobalSection(ExtensibilityGlobals) = postSolution
		SolutionGuid = {C3A16A52-1F23-499D-B093-2891EF4CB64F}
	EndGlobalSection
EndGlobal
